
Microsoft Visual Studio Solution File, Format Version 12.00
# Visual Studio Version 17
VisualStudioVersion = 17.8.34309.116
MinimumVisualStudioVersion = 10.0.40219.1
Project("{8BC9CEB8-8B4A-11D0-8D11-00A0C91BC942}") = "l10", "l10\l10.vcxproj", "{F923C841-C37A-431B-B6B3-3DECDEE6C4EA}"
EndProject
Project("{8BC9CEB8-8B4A-11D0-8D11-00A0C91BC942}") = "task2", "task2\task2.vcxproj", "{45583A8B-C265-4AA4-AF6C-981713A19511}"
EndProject
Project("{8BC9CEB8-8B4A-11D0-8D11-00A0C91BC942}") = "task3", "task3\task3.vcxproj", "{7215974C-33B2-4A73-BAAA-B045CDD0967F}"
EndProject
Project("{8BC9CEB8-8B4A-11D0-8D11-00A0C91BC942}") = "task4", "task4\task4.vcxproj", "{06A820D1-A70F-4971-9ACB-43074537D389}"
EndProject
Project("{8BC9CEB8-8B4A-11D0-8D11-00A0C91BC942}") = "task5", "task5\task5.vcxproj", "{2ECDB793-0BE5-41B5-8DBE-FCB8C420DC21}"
EndProject
Global
	GlobalSection(SolutionConfigurationPlatforms) = preSolution
		Debug|x64 = Debug|x64
		Debug|x86 = Debug|x86
		Release|x64 = Release|x64
		Release|x86 = Release|x86
	EndGlobalSection
	GlobalSection(ProjectConfigurationPlatforms) = postSolution
		{F923C841-C37A-431B-B6B3-3DECDEE6C4EA}.Debug|x64.ActiveCfg = Debug|x64
		{F923C841-C37A-431B-B6B3-3DECDEE6C4EA}.Debug|x64.Build.0 = Debug|x64
		{F923C841-C37A-431B-B6B3-3DECDEE6C4EA}.Debug|x86.ActiveCfg = Debug|Win32
		{F923C841-C37A-431B-B6B3-3DECDEE6C4EA}.Debug|x86.Build.0 = Debug|Win32
		{F923C841-C37A-431B-B6B3-3DECDEE6C4EA}.Release|x64.ActiveCfg = Release|x64
		{F923C841-C37A-431B-B6B3-3DECDEE6C4EA}.Release|x64.Build.0 = Release|x64
		{F923C841-C37A-431B-B6B3-3DECDEE6C4EA}.Release|x86.ActiveCfg = Release|Win32
		{F923C841-C37A-431B-B6B3-3DECDEE6C4EA}.Release|x86.Build.0 = Release|Win32
		{45583A8B-C265-4AA4-AF6C-981713A19511}.Debug|x64.ActiveCfg = Debug|x64
		{45583A8B-C265-4AA4-AF6C-981713A19511}.Debug|x64.Build.0 = Debug|x64
		{45583A8B-C265-4AA4-AF6C-981713A19511}.Debug|x86.ActiveCfg = Debug|Win32
		{45583A8B-C265-4AA4-AF6C-981713A19511}.Debug|x86.Build.0 = Debug|Win32
		{45583A8B-C265-4AA4-AF6C-981713A19511}.Release|x64.ActiveCfg = Release|x64
		{45583A8B-C265-4AA4-AF6C-981713A19511}.Release|x64.Build.0 = Release|x64
		{45583A8B-C265-4AA4-AF6C-981713A19511}.Release|x86.ActiveCfg = Release|Win32
		{45583A8B-C265-4AA4-AF6C-981713A19511}.Release|x86.Build.0 = Release|Win32
		{7215974C-33B2-4A73-BAAA-B045CDD0967F}.Debug|x64.ActiveCfg = Debug|x64
		{7215974C-33B2-4A73-BAAA-B045CDD0967F}.Debug|x64.Build.0 = Debug|x64
		{7215974C-33B2-4A73-BAAA-B045CDD0967F}.Debug|x86.ActiveCfg = Debug|Win32
		{7215974C-33B2-4A73-BAAA-B045CDD0967F}.Debug|x86.Build.0 = Debug|Win32
		{7215974C-33B2-4A73-BAAA-B045CDD0967F}.Release|x64.ActiveCfg = Release|x64
		{7215974C-33B2-4A73-BAAA-B045CDD0967F}.Release|x64.Build.0 = Release|x64
		{7215974C-33B2-4A73-BAAA-B045CDD0967F}.Release|x86.ActiveCfg = Release|Win32
		{7215974C-33B2-4A73-BAAA-B045CDD0967F}.Release|x86.Build.0 = Release|Win32
		{06A820D1-A70F-4971-9ACB-43074537D389}.Debug|x64.ActiveCfg = Debug|x64
		{06A820D1-A70F-4971-9ACB-43074537D389}.Debug|x64.Build.0 = Debug|x64
		{06A820D1-A70F-4971-9ACB-43074537D389}.Debug|x86.ActiveCfg = Debug|Win32
		{06A820D1-A70F-4971-9ACB-43074537D389}.Debug|x86.Build.0 = Debug|Win32
		{06A820D1-A70F-4971-9ACB-43074537D389}.Release|x64.ActiveCfg = Release|x64
		{06A820D1-A70F-4971-9ACB-43074537D389}.Release|x64.Build.0 = Release|x64
		{06A820D1-A70F-4971-9ACB-43074537D389}.Release|x86.ActiveCfg = Release|Win32
		{06A820D1-A70F-4971-9ACB-43074537D389}.Release|x86.Build.0 = Release|Win32
		{2ECDB793-0BE5-41B5-8DBE-FCB8C420DC21}.Debug|x64.ActiveCfg = Debug|x64
		{2ECDB793-0BE5-41B5-8DBE-FCB8C420DC21}.Debug|x64.Build.0 = Debug|x64
		{2ECDB793-0BE5-41B5-8DBE-FCB8C420DC21}.Debug|x86.ActiveCfg = Debug|Win32
		{2ECDB793-0BE5-41B5-8DBE-FCB8C420DC21}.Debug|x86.Build.0 = Debug|Win32
		{2ECDB793-0BE5-41B5-8DBE-FCB8C420DC21}.Release|x64.ActiveCfg = Release|x64
		{2ECDB793-0BE5-41B5-8DBE-FCB8C420DC21}.Release|x64.Build.0 = Release|x64
		{2ECDB793-0BE5-41B5-8DBE-FCB8C420DC21}.Release|x86.ActiveCfg = Release|Win32
		{2ECDB793-0BE5-41B5-8DBE-FCB8C420DC21}.Release|x86.Build.0 = Release|Win32
	EndGlobalSection
	GlobalSection(SolutionProperties) = preSolution
		HideSolutionNode = FALSE
	EndGlobalSection
	GlobalSection(ExtensibilityGlobals) = postSolution
		SolutionGuid = {ACEE0911-E29D-447C-AD91-505869243908}
	EndGlobalSection
EndGlobal
